
Microsoft Visual Studio Solution File, Format Version 12.00
# Visual Studio 14
VisualStudioVersion = 14.0.23107.0
MinimumVisualStudioVersion = 10.0.40219.1
Project("{FAE04EC0-301F-11D3-BF4B-00C04F79EFBC}") = "StruttureDati", "StruttureDati\StruttureDati.csproj", "{312DE7B7-BC20-478F-A46F-A6EACA2EFC56}"
EndProject
Project("{FAE04EC0-301F-11D3-BF4B-00C04F79EFBC}") = "StruttureDatiTest", "StruttureDatiTest\StruttureDatiTest.csproj", "{C8E729E0-0879-4D47-AFCD-601FCD0F4488}"
EndProject
Global
	GlobalSection(SolutionConfigurationPlatforms) = preSolution
		Debug|Any CPU = Debug|Any CPU
		Release|Any CPU = Release|Any CPU
	EndGlobalSection
	GlobalSection(ProjectConfigurationPlatforms) = postSolution
		{312DE7B7-BC20-478F-A46F-A6EACA2EFC56}.Debug|Any CPU.ActiveCfg = Debug|Any CPU
		{312DE7B7-BC20-478F-A46F-A6EACA2EFC56}.Debug|Any CPU.Build.0 = Debug|Any CPU
		{312DE7B7-BC20-478F-A46F-A6EACA2EFC56}.Debug|Any CPU.Deploy.0 = Debug|Any CPU
		{312DE7B7-BC20-478F-A46F-A6EACA2EFC56}.Release|Any CPU.ActiveCfg = Release|Any CPU
		{312DE7B7-BC20-478F-A46F-A6EACA2EFC56}.Release|Any CPU.Build.0 = Release|Any CPU
		{C8E729E0-0879-4D47-AFCD-601FCD0F4488}.Debug|Any CPU.ActiveCfg = Debug|Any CPU
		{C8E729E0-0879-4D47-AFCD-601FCD0F4488}.Debug|Any CPU.Build.0 = Debug|Any CPU
		{C8E729E0-0879-4D47-AFCD-601FCD0F4488}.Release|Any CPU.ActiveCfg = Release|Any CPU
		{C8E729E0-0879-4D47-AFCD-601FCD0F4488}.Release|Any CPU.Build.0 = Release|Any CPU
	EndGlobalSection
	GlobalSection(SolutionProperties) = preSolution
		HideSolutionNode = FALSE
	EndGlobalSection
EndGlobal
